// !$*UTF8*$!
{
	archiveVersion = 1;
	classes = {
	};
	objectVersion = 50;
	objects = {

/* Begin PBXBuildFile section */
		DC099C3D263CA7D4009D5047 /* Genre.swift in Sources */ = {isa = PBXBuildFile; fileRef = DC099C3C263CA7D4009D5047 /* Genre.swift */; };
		DC14FA8026415EE80084B915 /* StatusOverlay.swift in Sources */ = {isa = PBXBuildFile; fileRef = DC14FA7F26415EE80084B915 /* StatusOverlay.swift */; };
		DC14FA8226416B0B0084B915 /* BookPage.swift in Sources */ = {isa = PBXBuildFile; fileRef = DC14FA8126416B0B0084B915 /* BookPage.swift */; };
		DC14FA8426416DCD0084B915 /* Book.swift in Sources */ = {isa = PBXBuildFile; fileRef = DC14FA8326416DCD0084B915 /* Book.swift */; };
		DC14FA86264172DC0084B915 /* RemoteEntity.swift in Sources */ = {isa = PBXBuildFile; fileRef = DC14FA85264172DC0084B915 /* RemoteEntity.swift */; };
		DC178573263A257E00977562 /* AuthPage.swift in Sources */ = {isa = PBXBuildFile; fileRef = DC178572263A257E00977562 /* AuthPage.swift */; };
		DC178575263A25A700977562 /* ProfilePage.swift in Sources */ = {isa = PBXBuildFile; fileRef = DC178574263A25A700977562 /* ProfilePage.swift */; };
		DC178578263A25D500977562 /* WishlistPage.swift in Sources */ = {isa = PBXBuildFile; fileRef = DC178577263A25D500977562 /* WishlistPage.swift */; };
		DC17857C263A260100977562 /* HomePage.swift in Sources */ = {isa = PBXBuildFile; fileRef = DC17857B263A260100977562 /* HomePage.swift */; };
		DC1A55772630DF6B000492ED /* HSEBooksiOSApp.swift in Sources */ = {isa = PBXBuildFile; fileRef = DC1A55762630DF6B000492ED /* HSEBooksiOSApp.swift */; };
		DC1A55792630DF6B000492ED /* ContentView.swift in Sources */ = {isa = PBXBuildFile; fileRef = DC1A55782630DF6B000492ED /* ContentView.swift */; };
		DC1A557B2630DF6B000492ED /* Assets.xcassets in Resources */ = {isa = PBXBuildFile; fileRef = DC1A557A2630DF6B000492ED /* Assets.xcassets */; };
		DC1A557E2630DF6B000492ED /* Preview Assets.xcassets in Resources */ = {isa = PBXBuildFile; fileRef = DC1A557D2630DF6B000492ED /* Preview Assets.xcassets */; };
		DC223D8A263AE5C400F414A3 /* BookList.swift in Sources */ = {isa = PBXBuildFile; fileRef = DC223D89263AE5C400F414A3 /* BookList.swift */; };
		DC327EC026421A90005B993B /* ProfileInfo.swift in Sources */ = {isa = PBXBuildFile; fileRef = DC327EBF26421A90005B993B /* ProfileInfo.swift */; };
		DC327EC226421BE9005B993B /* NotificationsPage.swift in Sources */ = {isa = PBXBuildFile; fileRef = DC327EC126421BE9005B993B /* NotificationsPage.swift */; };
		DC327EC426421BFE005B993B /* ReviewsPage.swift in Sources */ = {isa = PBXBuildFile; fileRef = DC327EC326421BFE005B993B /* ReviewsPage.swift */; };
		DC368E8D26337EEB003466CB /* RequestService.swift in Sources */ = {isa = PBXBuildFile; fileRef = DC368E8C26337EEB003466CB /* RequestService.swift */; };
		DC368E912633867E003466CB /* View+Extension.swift in Sources */ = {isa = PBXBuildFile; fileRef = DC368E902633867E003466CB /* View+Extension.swift */; };
		DC368E9526338716003466CB /* SpinnerView.swift in Sources */ = {isa = PBXBuildFile; fileRef = DC368E9426338716003466CB /* SpinnerView.swift */; };
		DC368E9926338780003466CB /* TextOverlay.swift in Sources */ = {isa = PBXBuildFile; fileRef = DC368E9826338780003466CB /* TextOverlay.swift */; };
		DC368E9D263389EC003466CB /* Color+Extension.swift in Sources */ = {isa = PBXBuildFile; fileRef = DC368E9C263389EC003466CB /* Color+Extension.swift */; };
		DC4F01A82633052400DCD808 /* BookBase.swift in Sources */ = {isa = PBXBuildFile; fileRef = DC4F01A72633052400DCD808 /* BookBase.swift */; };
		DC4F01B1263329F100DCD808 /* User.swift in Sources */ = {isa = PBXBuildFile; fileRef = DC4F01B0263329F100DCD808 /* User.swift */; };
		DC6C5792263BA10900DB7F49 /* RemoteDataCredentials.swift in Sources */ = {isa = PBXBuildFile; fileRef = DC6C5791263BA10900DB7F49 /* RemoteDataCredentials.swift */; };
		DC6C5797263BA97B00DB7F49 /* ViewState.swift in Sources */ = {isa = PBXBuildFile; fileRef = DC6C5796263BA97B00DB7F49 /* ViewState.swift */; };
		DCA1770C2643566600F3DBAA /* AuthData.swift in Sources */ = {isa = PBXBuildFile; fileRef = DCA1770B2643566600F3DBAA /* AuthData.swift */; };
		DCA1770E264366B000F3DBAA /* HomePageViewModel.swift in Sources */ = {isa = PBXBuildFile; fileRef = DCA1770D264366B000F3DBAA /* HomePageViewModel.swift */; };
/* End PBXBuildFile section */

/* Begin PBXFileReference section */
		DC099C3C263CA7D4009D5047 /* Genre.swift */ = {isa = PBXFileReference; lastKnownFileType = sourcecode.swift; path = Genre.swift; sourceTree = "<group>"; };
		DC14FA7F26415EE80084B915 /* StatusOverlay.swift */ = {isa = PBXFileReference; lastKnownFileType = sourcecode.swift; path = StatusOverlay.swift; sourceTree = "<group>"; };
		DC14FA8126416B0B0084B915 /* BookPage.swift */ = {isa = PBXFileReference; lastKnownFileType = sourcecode.swift; path = BookPage.swift; sourceTree = "<group>"; };
		DC14FA8326416DCD0084B915 /* Book.swift */ = {isa = PBXFileReference; lastKnownFileType = sourcecode.swift; path = Book.swift; sourceTree = "<group>"; };
		DC14FA85264172DC0084B915 /* RemoteEntity.swift */ = {isa = PBXFileReference; lastKnownFileType = sourcecode.swift; path = RemoteEntity.swift; sourceTree = "<group>"; };
		DC178572263A257E00977562 /* AuthPage.swift */ = {isa = PBXFileReference; lastKnownFileType = sourcecode.swift; path = AuthPage.swift; sourceTree = "<group>"; };
		DC178574263A25A700977562 /* ProfilePage.swift */ = {isa = PBXFileReference; lastKnownFileType = sourcecode.swift; path = ProfilePage.swift; sourceTree = "<group>"; };
		DC178577263A25D500977562 /* WishlistPage.swift */ = {isa = PBXFileReference; lastKnownFileType = sourcecode.swift; path = WishlistPage.swift; sourceTree = "<group>"; };
		DC17857B263A260100977562 /* HomePage.swift */ = {isa = PBXFileReference; lastKnownFileType = sourcecode.swift; path = HomePage.swift; sourceTree = "<group>"; };
		DC1A55732630DF6B000492ED /* HSEBooksiOS.app */ = {isa = PBXFileReference; explicitFileType = wrapper.application; includeInIndex = 0; path = HSEBooksiOS.app; sourceTree = BUILT_PRODUCTS_DIR; };
		DC1A55762630DF6B000492ED /* HSEBooksiOSApp.swift */ = {isa = PBXFileReference; lastKnownFileType = sourcecode.swift; path = HSEBooksiOSApp.swift; sourceTree = "<group>"; };
		DC1A55782630DF6B000492ED /* ContentView.swift */ = {isa = PBXFileReference; lastKnownFileType = sourcecode.swift; path = ContentView.swift; sourceTree = "<group>"; };
		DC1A557A2630DF6B000492ED /* Assets.xcassets */ = {isa = PBXFileReference; lastKnownFileType = folder.assetcatalog; path = Assets.xcassets; sourceTree = "<group>"; };
		DC1A557D2630DF6B000492ED /* Preview Assets.xcassets */ = {isa = PBXFileReference; lastKnownFileType = folder.assetcatalog; path = "Preview Assets.xcassets"; sourceTree = "<group>"; };
		DC1A557F2630DF6B000492ED /* Info.plist */ = {isa = PBXFileReference; lastKnownFileType = text.plist.xml; path = Info.plist; sourceTree = "<group>"; };
		DC223D89263AE5C400F414A3 /* BookList.swift */ = {isa = PBXFileReference; lastKnownFileType = sourcecode.swift; path = BookList.swift; sourceTree = "<group>"; };
		DC327EBF26421A90005B993B /* ProfileInfo.swift */ = {isa = PBXFileReference; lastKnownFileType = sourcecode.swift; path = ProfileInfo.swift; sourceTree = "<group>"; };
		DC327EC126421BE9005B993B /* NotificationsPage.swift */ = {isa = PBXFileReference; lastKnownFileType = sourcecode.swift; path = NotificationsPage.swift; sourceTree = "<group>"; };
		DC327EC326421BFE005B993B /* ReviewsPage.swift */ = {isa = PBXFileReference; lastKnownFileType = sourcecode.swift; path = ReviewsPage.swift; sourceTree = "<group>"; };
		DC368E8C26337EEB003466CB /* RequestService.swift */ = {isa = PBXFileReference; lastKnownFileType = sourcecode.swift; path = RequestService.swift; sourceTree = "<group>"; };
		DC368E902633867E003466CB /* View+Extension.swift */ = {isa = PBXFileReference; lastKnownFileType = sourcecode.swift; path = "View+Extension.swift"; sourceTree = "<group>"; };
		DC368E9426338716003466CB /* SpinnerView.swift */ = {isa = PBXFileReference; lastKnownFileType = sourcecode.swift; path = SpinnerView.swift; sourceTree = "<group>"; };
		DC368E9826338780003466CB /* TextOverlay.swift */ = {isa = PBXFileReference; lastKnownFileType = sourcecode.swift; path = TextOverlay.swift; sourceTree = "<group>"; };
		DC368E9C263389EC003466CB /* Color+Extension.swift */ = {isa = PBXFileReference; lastKnownFileType = sourcecode.swift; path = "Color+Extension.swift"; sourceTree = "<group>"; };
		DC4F01A72633052400DCD808 /* BookBase.swift */ = {isa = PBXFileReference; lastKnownFileType = sourcecode.swift; path = BookBase.swift; sourceTree = "<group>"; };
		DC4F01B0263329F100DCD808 /* User.swift */ = {isa = PBXFileReference; lastKnownFileType = sourcecode.swift; path = User.swift; sourceTree = "<group>"; };
		DC6C5791263BA10900DB7F49 /* RemoteDataCredentials.swift */ = {isa = PBXFileReference; lastKnownFileType = sourcecode.swift; path = RemoteDataCredentials.swift; sourceTree = "<group>"; };
		DC6C5796263BA97B00DB7F49 /* ViewState.swift */ = {isa = PBXFileReference; lastKnownFileType = sourcecode.swift; path = ViewState.swift; sourceTree = "<group>"; };
		DCA1770B2643566600F3DBAA /* AuthData.swift */ = {isa = PBXFileReference; lastKnownFileType = sourcecode.swift; path = AuthData.swift; sourceTree = "<group>"; };
		DCA1770D264366B000F3DBAA /* HomePageViewModel.swift */ = {isa = PBXFileReference; lastKnownFileType = sourcecode.swift; path = HomePageViewModel.swift; sourceTree = "<group>"; };
/* End PBXFileReference section */

/* Begin PBXFrameworksBuildPhase section */
		DC1A55702630DF6A000492ED /* Frameworks */ = {
			isa = PBXFrameworksBuildPhase;
			buildActionMask = 2147483647;
			files = (
			);
			runOnlyForDeploymentPostprocessing = 0;
		};
/* End PBXFrameworksBuildPhase section */

/* Begin PBXGroup section */
		DC1A556A2630DF6A000492ED = {
			isa = PBXGroup;
			children = (
				DC1A55752630DF6B000492ED /* HSEBooksiOS */,
				DC1A55742630DF6B000492ED /* Products */,
			);
			sourceTree = "<group>";
		};
		DC1A55742630DF6B000492ED /* Products */ = {
			isa = PBXGroup;
			children = (
				DC1A55732630DF6B000492ED /* HSEBooksiOS.app */,
			);
			name = Products;
			sourceTree = "<group>";
		};
		DC1A55752630DF6B000492ED /* HSEBooksiOS */ = {
			isa = PBXGroup;
			children = (
				DC1A55762630DF6B000492ED /* HSEBooksiOSApp.swift */,
				DC4F019F2632FF0E00DCD808 /* Model */,
				DC4F01A02633020E00DCD808 /* View */,
				DC4F01B626337CEA00DCD808 /* Service */,
				DC368E8F26338671003466CB /* Utility */,
				DC1A557A2630DF6B000492ED /* Assets.xcassets */,
				DC1A557F2630DF6B000492ED /* Info.plist */,
				DC1A557C2630DF6B000492ED /* Preview Content */,
			);
			path = HSEBooksiOS;
			sourceTree = "<group>";
		};
		DC1A557C2630DF6B000492ED /* Preview Content */ = {
			isa = PBXGroup;
			children = (
				DC1A557D2630DF6B000492ED /* Preview Assets.xcassets */,
			);
			path = "Preview Content";
			sourceTree = "<group>";
		};
		DC223D88263AE3F900F414A3 /* SharedViews */ = {
			isa = PBXGroup;
			children = (
				DC223D89263AE5C400F414A3 /* BookList.swift */,
				DC14FA7F26415EE80084B915 /* StatusOverlay.swift */,
				DC14FA8126416B0B0084B915 /* BookPage.swift */,
			);
			path = SharedViews;
			sourceTree = "<group>";
		};
		DC368E8F26338671003466CB /* Utility */ = {
			isa = PBXGroup;
			children = (
				DC368E902633867E003466CB /* View+Extension.swift */,
				DC368E9C263389EC003466CB /* Color+Extension.swift */,
			);
			path = Utility;
			sourceTree = "<group>";
		};
		DC368E9326338700003466CB /* Helpers */ = {
			isa = PBXGroup;
			children = (
				DC368E9426338716003466CB /* SpinnerView.swift */,
				DC368E9826338780003466CB /* TextOverlay.swift */,
			);
			path = Helpers;
			sourceTree = "<group>";
		};
		DC4F019F2632FF0E00DCD808 /* Model */ = {
			isa = PBXGroup;
			children = (
				DCED7896263BD2B100AEE7B7 /* Entities */,
				DCED7897263BD2CC00AEE7B7 /* Helpers */,
				DCA1770B2643566600F3DBAA /* AuthData.swift */,
			);
			path = Model;
			sourceTree = "<group>";
		};
		DC4F01A02633020E00DCD808 /* View */ = {
			isa = PBXGroup;
			children = (
				DC1A55782630DF6B000492ED /* ContentView.swift */,
				DC17857B263A260100977562 /* HomePage.swift */,
				DCA1770D264366B000F3DBAA /* HomePageViewModel.swift */,
				DC178577263A25D500977562 /* WishlistPage.swift */,
				DC178574263A25A700977562 /* ProfilePage.swift */,
				DC327EBF26421A90005B993B /* ProfileInfo.swift */,
				DC327EC126421BE9005B993B /* NotificationsPage.swift */,
				DC327EC326421BFE005B993B /* ReviewsPage.swift */,
				DC178572263A257E00977562 /* AuthPage.swift */,
				DC368E9326338700003466CB /* Helpers */,
				DC223D88263AE3F900F414A3 /* SharedViews */,
			);
			path = View;
			sourceTree = "<group>";
		};
		DC4F01B626337CEA00DCD808 /* Service */ = {
			isa = PBXGroup;
			children = (
				DC368E8C26337EEB003466CB /* RequestService.swift */,
			);
			path = Service;
			sourceTree = "<group>";
		};
		DCED7896263BD2B100AEE7B7 /* Entities */ = {
			isa = PBXGroup;
			children = (
				DC4F01A72633052400DCD808 /* BookBase.swift */,
				DC14FA8326416DCD0084B915 /* Book.swift */,
				DC4F01B0263329F100DCD808 /* User.swift */,
				DC099C3C263CA7D4009D5047 /* Genre.swift */,
			);
			path = Entities;
			sourceTree = "<group>";
		};
		DCED7897263BD2CC00AEE7B7 /* Helpers */ = {
			isa = PBXGroup;
			children = (
				DC6C5791263BA10900DB7F49 /* RemoteDataCredentials.swift */,
				DC14FA85264172DC0084B915 /* RemoteEntity.swift */,
				DC6C5796263BA97B00DB7F49 /* ViewState.swift */,
			);
			path = Helpers;
			sourceTree = "<group>";
		};
/* End PBXGroup section */

/* Begin PBXNativeTarget section */
		DC1A55722630DF6A000492ED /* HSEBooksiOS */ = {
			isa = PBXNativeTarget;
			buildConfigurationList = DC1A55822630DF6B000492ED /* Build configuration list for PBXNativeTarget "HSEBooksiOS" */;
			buildPhases = (
				DC1A556F2630DF6A000492ED /* Sources */,
				DC1A55702630DF6A000492ED /* Frameworks */,
				DC1A55712630DF6A000492ED /* Resources */,
			);
			buildRules = (
			);
			dependencies = (
			);
			name = HSEBooksiOS;
			productName = HSEBooksiOSApp;
			productReference = DC1A55732630DF6B000492ED /* HSEBooksiOS.app */;
			productType = "com.apple.product-type.application";
		};
/* End PBXNativeTarget section */

/* Begin PBXProject section */
		DC1A556B2630DF6A000492ED /* Project object */ = {
			isa = PBXProject;
			attributes = {
				LastSwiftUpdateCheck = 1240;
				LastUpgradeCheck = 1240;
				TargetAttributes = {
					DC1A55722630DF6A000492ED = {
						CreatedOnToolsVersion = 12.4;
					};
				};
			};
			buildConfigurationList = DC1A556E2630DF6A000492ED /* Build configuration list for PBXProject "HSEBooksiOS" */;
			compatibilityVersion = "Xcode 9.3";
			developmentRegion = en;
			hasScannedForEncodings = 0;
			knownRegions = (
				en,
				Base,
			);
			mainGroup = DC1A556A2630DF6A000492ED;
			productRefGroup = DC1A55742630DF6B000492ED /* Products */;
			projectDirPath = "";
			projectRoot = "";
			targets = (
				DC1A55722630DF6A000492ED /* HSEBooksiOS */,
			);
		};
/* End PBXProject section */

/* Begin PBXResourcesBuildPhase section */
		DC1A55712630DF6A000492ED /* Resources */ = {
			isa = PBXResourcesBuildPhase;
			buildActionMask = 2147483647;
			files = (
				DC1A557E2630DF6B000492ED /* Preview Assets.xcassets in Resources */,
				DC1A557B2630DF6B000492ED /* Assets.xcassets in Resources */,
			);
			runOnlyForDeploymentPostprocessing = 0;
		};
/* End PBXResourcesBuildPhase section */

/* Begin PBXSourcesBuildPhase section */
		DC1A556F2630DF6A000492ED /* Sources */ = {
			isa = PBXSourcesBuildPhase;
			buildActionMask = 2147483647;
			files = (
				DC178573263A257E00977562 /* AuthPage.swift in Sources */,
				DC368E8D26337EEB003466CB /* RequestService.swift in Sources */,
				DC178578263A25D500977562 /* WishlistPage.swift in Sources */,
				DC099C3D263CA7D4009D5047 /* Genre.swift in Sources */,
				DCA1770E264366B000F3DBAA /* HomePageViewModel.swift in Sources */,
				DC14FA86264172DC0084B915 /* RemoteEntity.swift in Sources */,
				DC178575263A25A700977562 /* ProfilePage.swift in Sources */,
				DC368E9526338716003466CB /* SpinnerView.swift in Sources */,
				DC4F01A82633052400DCD808 /* BookBase.swift in Sources */,
				DC223D8A263AE5C400F414A3 /* BookList.swift in Sources */,
				DC6C5797263BA97B00DB7F49 /* ViewState.swift in Sources */,
				DC368E9926338780003466CB /* TextOverlay.swift in Sources */,
				DC327EC426421BFE005B993B /* ReviewsPage.swift in Sources */,
				DC368E912633867E003466CB /* View+Extension.swift in Sources */,
				DC327EC026421A90005B993B /* ProfileInfo.swift in Sources */,
				DC6C5792263BA10900DB7F49 /* RemoteDataCredentials.swift in Sources */,
				DCA1770C2643566600F3DBAA /* AuthData.swift in Sources */,
				DC4F01B1263329F100DCD808 /* User.swift in Sources */,
				DC1A55792630DF6B000492ED /* ContentView.swift in Sources */,
				DC14FA8226416B0B0084B915 /* BookPage.swift in Sources */,
				DC14FA8026415EE80084B915 /* StatusOverlay.swift in Sources */,
				DC368E9D263389EC003466CB /* Color+Extension.swift in Sources */,
				DC1A55772630DF6B000492ED /* HSEBooksiOSApp.swift in Sources */,
				DC14FA8426416DCD0084B915 /* Book.swift in Sources */,
				DC327EC226421BE9005B993B /* NotificationsPage.swift in Sources */,
				DC17857C263A260100977562 /* HomePage.swift in Sources */,
			);
			runOnlyForDeploymentPostprocessing = 0;
		};
/* End PBXSourcesBuildPhase section */

/* Begin XCBuildConfiguration section */
		DC1A55802630DF6B000492ED /* Debug */ = {
			isa = XCBuildConfiguration;
			buildSettings = {
				ALWAYS_SEARCH_USER_PATHS = NO;
				CLANG_ANALYZER_NONNULL = YES;
				CLANG_ANALYZER_NUMBER_OBJECT_CONVERSION = YES_AGGRESSIVE;
				CLANG_CXX_LANGUAGE_STANDARD = "gnu++14";
				CLANG_CXX_LIBRARY = "libc++";
				CLANG_ENABLE_MODULES = YES;
				CLANG_ENABLE_OBJC_ARC = YES;
				CLANG_ENABLE_OBJC_WEAK = YES;
				CLANG_WARN_BLOCK_CAPTURE_AUTORELEASING = YES;
				CLANG_WARN_BOOL_CONVERSION = YES;
				CLANG_WARN_COMMA = YES;
				CLANG_WARN_CONSTANT_CONVERSION = YES;
				CLANG_WARN_DEPRECATED_OBJC_IMPLEMENTATIONS = YES;
				CLANG_WARN_DIRECT_OBJC_ISA_USAGE = YES_ERROR;
				CLANG_WARN_DOCUMENTATION_COMMENTS = YES;
				CLANG_WARN_EMPTY_BODY = YES;
				CLANG_WARN_ENUM_CONVERSION = YES;
				CLANG_WARN_INFINITE_RECURSION = YES;
				CLANG_WARN_INT_CONVERSION = YES;
				CLANG_WARN_NON_LITERAL_NULL_CONVERSION = YES;
				CLANG_WARN_OBJC_IMPLICIT_RETAIN_SELF = YES;
				CLANG_WARN_OBJC_LITERAL_CONVERSION = YES;
				CLANG_WARN_OBJC_ROOT_CLASS = YES_ERROR;
				CLANG_WARN_QUOTED_INCLUDE_IN_FRAMEWORK_HEADER = YES;
				CLANG_WARN_RANGE_LOOP_ANALYSIS = YES;
				CLANG_WARN_STRICT_PROTOTYPES = YES;
				CLANG_WARN_SUSPICIOUS_MOVE = YES;
				CLANG_WARN_UNGUARDED_AVAILABILITY = YES_AGGRESSIVE;
				CLANG_WARN_UNREACHABLE_CODE = YES;
				CLANG_WARN__DUPLICATE_METHOD_MATCH = YES;
				COPY_PHASE_STRIP = NO;
				DEBUG_INFORMATION_FORMAT = dwarf;
				ENABLE_STRICT_OBJC_MSGSEND = YES;
				ENABLE_TESTABILITY = YES;
				GCC_C_LANGUAGE_STANDARD = gnu11;
				GCC_DYNAMIC_NO_PIC = NO;
				GCC_NO_COMMON_BLOCKS = YES;
				GCC_OPTIMIZATION_LEVEL = 0;
				GCC_PREPROCESSOR_DEFINITIONS = (
					"DEBUG=1",
					"$(inherited)",
				);
				GCC_WARN_64_TO_32_BIT_CONVERSION = YES;
				GCC_WARN_ABOUT_RETURN_TYPE = YES_ERROR;
				GCC_WARN_UNDECLARED_SELECTOR = YES;
				GCC_WARN_UNINITIALIZED_AUTOS = YES_AGGRESSIVE;
				GCC_WARN_UNUSED_FUNCTION = YES;
				GCC_WARN_UNUSED_VARIABLE = YES;
				IPHONEOS_DEPLOYMENT_TARGET = 14.4;
				MTL_ENABLE_DEBUG_INFO = INCLUDE_SOURCE;
				MTL_FAST_MATH = YES;
				ONLY_ACTIVE_ARCH = YES;
				SDKROOT = iphoneos;
				SWIFT_ACTIVE_COMPILATION_CONDITIONS = DEBUG;
				SWIFT_OPTIMIZATION_LEVEL = "-Onone";
			};
			name = Debug;
		};
		DC1A55812630DF6B000492ED /* Release */ = {
			isa = XCBuildConfiguration;
			buildSettings = {
				ALWAYS_SEARCH_USER_PATHS = NO;
				CLANG_ANALYZER_NONNULL = YES;
				CLANG_ANALYZER_NUMBER_OBJECT_CONVERSION = YES_AGGRESSIVE;
				CLANG_CXX_LANGUAGE_STANDARD = "gnu++14";
				CLANG_CXX_LIBRARY = "libc++";
				CLANG_ENABLE_MODULES = YES;
				CLANG_ENABLE_OBJC_ARC = YES;
				CLANG_ENABLE_OBJC_WEAK = YES;
				CLANG_WARN_BLOCK_CAPTURE_AUTORELEASING = YES;
				CLANG_WARN_BOOL_CONVERSION = YES;
				CLANG_WARN_COMMA = YES;
				CLANG_WARN_CONSTANT_CONVERSION = YES;
				CLANG_WARN_DEPRECATED_OBJC_IMPLEMENTATIONS = YES;
				CLANG_WARN_DIRECT_OBJC_ISA_USAGE = YES_ERROR;
				CLANG_WARN_DOCUMENTATION_COMMENTS = YES;
				CLANG_WARN_EMPTY_BODY = YES;
				CLANG_WARN_ENUM_CONVERSION = YES;
				CLANG_WARN_INFINITE_RECURSION = YES;
				CLANG_WARN_INT_CONVERSION = YES;
				CLANG_WARN_NON_LITERAL_NULL_CONVERSION = YES;
				CLANG_WARN_OBJC_IMPLICIT_RETAIN_SELF = YES;
				CLANG_WARN_OBJC_LITERAL_CONVERSION = YES;
				CLANG_WARN_OBJC_ROOT_CLASS = YES_ERROR;
				CLANG_WARN_QUOTED_INCLUDE_IN_FRAMEWORK_HEADER = YES;
				CLANG_WARN_RANGE_LOOP_ANALYSIS = YES;
				CLANG_WARN_STRICT_PROTOTYPES = YES;
				CLANG_WARN_SUSPICIOUS_MOVE = YES;
				CLANG_WARN_UNGUARDED_AVAILABILITY = YES_AGGRESSIVE;
				CLANG_WARN_UNREACHABLE_CODE = YES;
				CLANG_WARN__DUPLICATE_METHOD_MATCH = YES;
				COPY_PHASE_STRIP = NO;
				DEBUG_INFORMATION_FORMAT = "dwarf-with-dsym";
				ENABLE_NS_ASSERTIONS = NO;
				ENABLE_STRICT_OBJC_MSGSEND = YES;
				GCC_C_LANGUAGE_STANDARD = gnu11;
				GCC_NO_COMMON_BLOCKS = YES;
				GCC_WARN_64_TO_32_BIT_CONVERSION = YES;
				GCC_WARN_ABOUT_RETURN_TYPE = YES_ERROR;
				GCC_WARN_UNDECLARED_SELECTOR = YES;
				GCC_WARN_UNINITIALIZED_AUTOS = YES_AGGRESSIVE;
				GCC_WARN_UNUSED_FUNCTION = YES;
				GCC_WARN_UNUSED_VARIABLE = YES;
				IPHONEOS_DEPLOYMENT_TARGET = 14.4;
				MTL_ENABLE_DEBUG_INFO = NO;
				MTL_FAST_MATH = YES;
				SDKROOT = iphoneos;
				SWIFT_COMPILATION_MODE = wholemodule;
				SWIFT_OPTIMIZATION_LEVEL = "-O";
				VALIDATE_PRODUCT = YES;
			};
			name = Release;
		};
		DC1A55832630DF6B000492ED /* Debug */ = {
			isa = XCBuildConfiguration;
			buildSettings = {
				ASSETCATALOG_COMPILER_APPICON_NAME = AppIcon;
				ASSETCATALOG_COMPILER_GLOBAL_ACCENT_COLOR_NAME = AccentColor;
				CODE_SIGN_STYLE = Automatic;
				DEVELOPMENT_ASSET_PATHS = "\"HSEBooksiOS/Preview Content\"";
				DEVELOPMENT_TEAM = 2ZY3SQBRC4;
				ENABLE_PREVIEWS = YES;
				INFOPLIST_FILE = HSEBooksiOS/Info.plist;
				IPHONEOS_DEPLOYMENT_TARGET = 14.0;
				LD_RUNPATH_SEARCH_PATHS = (
					"$(inherited)",
					"@executable_path/Frameworks",
				);
				PRODUCT_BUNDLE_IDENTIFIER = com.koptev.HSEBooksiOS;
				PRODUCT_NAME = "$(TARGET_NAME)";
				SWIFT_VERSION = 5.0;
				TARGETED_DEVICE_FAMILY = "1,2";
			};
			name = Debug;
		};
		DC1A55842630DF6B000492ED /* Release */ = {
			isa = XCBuildConfiguration;
			buildSettings = {
				ASSETCATALOG_COMPILER_APPICON_NAME = AppIcon;
				ASSETCATALOG_COMPILER_GLOBAL_ACCENT_COLOR_NAME = AccentColor;
				CODE_SIGN_STYLE = Automatic;
				DEVELOPMENT_ASSET_PATHS = "\"HSEBooksiOS/Preview Content\"";
				DEVELOPMENT_TEAM = 2ZY3SQBRC4;
				ENABLE_PREVIEWS = YES;
				INFOPLIST_FILE = HSEBooksiOS/Info.plist;
				IPHONEOS_DEPLOYMENT_TARGET = 14.0;
				LD_RUNPATH_SEARCH_PATHS = (
					"$(inherited)",
					"@executable_path/Frameworks",
				);
				PRODUCT_BUNDLE_IDENTIFIER = com.koptev.HSEBooksiOS;
				PRODUCT_NAME = "$(TARGET_NAME)";
				SWIFT_VERSION = 5.0;
				TARGETED_DEVICE_FAMILY = "1,2";
			};
			name = Release;
		};
/* End XCBuildConfiguration section */

/* Begin XCConfigurationList section */
		DC1A556E2630DF6A000492ED /* Build configuration list for PBXProject "HSEBooksiOS" */ = {
			isa = XCConfigurationList;
			buildConfigurations = (
				DC1A55802630DF6B000492ED /* Debug */,
				DC1A55812630DF6B000492ED /* Release */,
			);
			defaultConfigurationIsVisible = 0;
			defaultConfigurationName = Release;
		};
		DC1A55822630DF6B000492ED /* Build configuration list for PBXNativeTarget "HSEBooksiOS" */ = {
			isa = XCConfigurationList;
			buildConfigurations = (
				DC1A55832630DF6B000492ED /* Debug */,
				DC1A55842630DF6B000492ED /* Release */,
			);
			defaultConfigurationIsVisible = 0;
			defaultConfigurationName = Release;
		};
/* End XCConfigurationList section */
	};
	rootObject = DC1A556B2630DF6A000492ED /* Project object */;
}
