// !$*UTF8*$!
{
	archiveVersion = 1;
	classes = {
	};
	objectVersion = 50;
	objects = {

/* Begin PBXBuildFile section */
		DC103FA725BE23FE00C3B54C /* TableViewWrapper.swift in Sources */ = {isa = PBXBuildFile; fileRef = DC103FA625BE23FE00C3B54C /* TableViewWrapper.swift */; };
		DC11712225CC51D600111832 /* BookPage.swift in Sources */ = {isa = PBXBuildFile; fileRef = DC11712125CC51D600111832 /* BookPage.swift */; };
		DC11712525CC598D00111832 /* BookPageTopPart.swift in Sources */ = {isa = PBXBuildFile; fileRef = DC11712425CC598D00111832 /* BookPageTopPart.swift */; };
		DC215B2D25C20CC500062D4F /* BookDetailListItem.swift in Sources */ = {isa = PBXBuildFile; fileRef = DC215B2C25C20CC500062D4F /* BookDetailListItem.swift */; };
		DC215B3025C2109B00062D4F /* RatingView.swift in Sources */ = {isa = PBXBuildFile; fileRef = DC215B2F25C2109B00062D4F /* RatingView.swift */; };
		DC3AEA2725B1BF5900554496 /* BookListItem.swift in Sources */ = {isa = PBXBuildFile; fileRef = DC3AEA2625B1BF5900554496 /* BookListItem.swift */; };
		DC3BA5C125FA4AC300F0AFA1 /* ProfileView.swift in Sources */ = {isa = PBXBuildFile; fileRef = DC3BA5C025FA4AC300F0AFA1 /* ProfileView.swift */; };
		DC3FFBA925BA35C20029A158 /* AppContext.swift in Sources */ = {isa = PBXBuildFile; fileRef = DC3FFBA825BA35C20029A158 /* AppContext.swift */; };
		DC49EAEE25BA25FF0095F294 /* _BookBase_deprecated.swift in Sources */ = {isa = PBXBuildFile; fileRef = DC49EAED25BA25FF0095F294 /* _BookBase_deprecated.swift */; };
		DC4A10B025C206C7005BD81F /* BookCoverPlaceholder.swift in Sources */ = {isa = PBXBuildFile; fileRef = DC4A10AF25C206C7005BD81F /* BookCoverPlaceholder.swift */; };
		DC5AE10B25B84D3300865FD8 /* BookListSection.swift in Sources */ = {isa = PBXBuildFile; fileRef = DC5AE10A25B84D3300865FD8 /* BookListSection.swift */; };
		DC5EC59D25CD50F70018EC64 /* BackgroundForNavBar.swift in Sources */ = {isa = PBXBuildFile; fileRef = DC5EC59C25CD50F70018EC64 /* BackgroundForNavBar.swift */; };
		DC5F7A6725CDB5A200B45F63 /* BookPageViewRouter.swift in Sources */ = {isa = PBXBuildFile; fileRef = DC5F7A6625CDB5A200B45F63 /* BookPageViewRouter.swift */; };
		DC5FB9D025C0817B001E4B75 /* NavBar.swift in Sources */ = {isa = PBXBuildFile; fileRef = DC5FB9CF25C0817B001E4B75 /* NavBar.swift */; };
		DC66D7A425BD9689005DB679 /* BookListViewRouter.swift in Sources */ = {isa = PBXBuildFile; fileRef = DC66D7A325BD9689005DB679 /* BookListViewRouter.swift */; };
		DC66D7A825BDACCD005DB679 /* NavigationViewWrapper.swift in Sources */ = {isa = PBXBuildFile; fileRef = DC66D7A725BDACCD005DB679 /* NavigationViewWrapper.swift */; };
		DC66D7AC25BDB8DA005DB679 /* Ad.swift in Sources */ = {isa = PBXBuildFile; fileRef = DC66D7AB25BDB8DA005DB679 /* Ad.swift */; };
		DC66D7B525BDE6C3005DB679 /* BookListLoadableSection.swift in Sources */ = {isa = PBXBuildFile; fileRef = DC66D7B425BDE6C3005DB679 /* BookListLoadableSection.swift */; };
		DC66D7BA25BDE748005DB679 /* BookListSectionHeader.swift in Sources */ = {isa = PBXBuildFile; fileRef = DC66D7B925BDE748005DB679 /* BookListSectionHeader.swift */; };
		DC66D7BF25BDE7D8005DB679 /* BookListSectionContent.swift in Sources */ = {isa = PBXBuildFile; fileRef = DC66D7BE25BDE7D8005DB679 /* BookListSectionContent.swift */; };
		DC66D7C425BDEE44005DB679 /* ConditionalHiding.swift in Sources */ = {isa = PBXBuildFile; fileRef = DC66D7C325BDEE44005DB679 /* ConditionalHiding.swift */; };
		DC66D7C725BDF56B005DB679 /* TabBarWrapper.swift in Sources */ = {isa = PBXBuildFile; fileRef = DC66D7C625BDF56B005DB679 /* TabBarWrapper.swift */; };
		DC67491625BF57AC0082BFB7 /* BookListSelector.swift in Sources */ = {isa = PBXBuildFile; fileRef = DC67491525BF57AC0082BFB7 /* BookListSelector.swift */; };
		DC67491B25BF580B0082BFB7 /* BookListContent.swift in Sources */ = {isa = PBXBuildFile; fileRef = DC67491A25BF580B0082BFB7 /* BookListContent.swift */; };
		DC67491F25BF583F0082BFB7 /* LoadBooksButton.swift in Sources */ = {isa = PBXBuildFile; fileRef = DC67491E25BF583F0082BFB7 /* LoadBooksButton.swift */; };
		DC67492225BF587A0082BFB7 /* SearchBar.swift in Sources */ = {isa = PBXBuildFile; fileRef = DC67492125BF587A0082BFB7 /* SearchBar.swift */; };
		DC67492525BF5AAB0082BFB7 /* Constants.swift in Sources */ = {isa = PBXBuildFile; fileRef = DC67492425BF5AAA0082BFB7 /* Constants.swift */; };
		DC7CECFC25C00C1800623B9A /* BooksLoading.swift in Sources */ = {isa = PBXBuildFile; fileRef = DC7CECFB25C00C1800623B9A /* BooksLoading.swift */; };
		DC7CECFF25C00C5200623B9A /* BooksProvider.swift in Sources */ = {isa = PBXBuildFile; fileRef = DC7CECFE25C00C5200623B9A /* BooksProvider.swift */; };
		DC7CED0225C00CE700623B9A /* BooksLoader.swift in Sources */ = {isa = PBXBuildFile; fileRef = DC7CED0125C00CE700623B9A /* BooksLoader.swift */; };
		DC7CED0525C00F6700623B9A /* MockBooksLoader.swift in Sources */ = {isa = PBXBuildFile; fileRef = DC7CED0425C00F6700623B9A /* MockBooksLoader.swift */; };
		DC83FF4B2596B46E00CC66BB /* BookExchangeApp.swift in Sources */ = {isa = PBXBuildFile; fileRef = DC83FF4A2596B46E00CC66BB /* BookExchangeApp.swift */; };
		DC83FF4D2596B46E00CC66BB /* ContentView.swift in Sources */ = {isa = PBXBuildFile; fileRef = DC83FF4C2596B46E00CC66BB /* ContentView.swift */; };
		DC83FF4F2596B46F00CC66BB /* Assets.xcassets in Resources */ = {isa = PBXBuildFile; fileRef = DC83FF4E2596B46F00CC66BB /* Assets.xcassets */; };
		DC83FF522596B46F00CC66BB /* Preview Assets.xcassets in Resources */ = {isa = PBXBuildFile; fileRef = DC83FF512596B46F00CC66BB /* Preview Assets.xcassets */; };
		DCAEC67F25F9263B00C819A4 /* Town+CoreDataClass.swift in Sources */ = {isa = PBXBuildFile; fileRef = DCAEC66925F9263B00C819A4 /* Town+CoreDataClass.swift */; };
		DCAEC68125F9263B00C819A4 /* Complaint+CoreDataClass.swift in Sources */ = {isa = PBXBuildFile; fileRef = DCAEC66B25F9263B00C819A4 /* Complaint+CoreDataClass.swift */; };
		DCAEC68325F9263B00C819A4 /* User+CoreDataClass.swift in Sources */ = {isa = PBXBuildFile; fileRef = DCAEC66D25F9263B00C819A4 /* User+CoreDataClass.swift */; };
		DCAEC68525F9263B00C819A4 /* BookBase+CoreDataClass.swift in Sources */ = {isa = PBXBuildFile; fileRef = DCAEC66F25F9263B00C819A4 /* BookBase+CoreDataClass.swift */; };
		DCAEC68725F9263B00C819A4 /* Book+CoreDataClass.swift in Sources */ = {isa = PBXBuildFile; fileRef = DCAEC67125F9263B00C819A4 /* Book+CoreDataClass.swift */; };
		DCAEC68925F9263B00C819A4 /* Avatar+CoreDataClass.swift in Sources */ = {isa = PBXBuildFile; fileRef = DCAEC67325F9263B00C819A4 /* Avatar+CoreDataClass.swift */; };
		DCAEC68B25F9263B00C819A4 /* BookBaseRequest+CoreDataClass.swift in Sources */ = {isa = PBXBuildFile; fileRef = DCAEC67525F9263B00C819A4 /* BookBaseRequest+CoreDataClass.swift */; };
		DCAEC68D25F9263B00C819A4 /* BookBasePhoto+CoreDataClass.swift in Sources */ = {isa = PBXBuildFile; fileRef = DCAEC67725F9263B00C819A4 /* BookBasePhoto+CoreDataClass.swift */; };
		DCAEC68F25F9263B00C819A4 /* Genre+CoreDataClass.swift in Sources */ = {isa = PBXBuildFile; fileRef = DCAEC67925F9263B00C819A4 /* Genre+CoreDataClass.swift */; };
		DCAEC69125F9263B00C819A4 /* BookPhoto+CoreDataClass.swift in Sources */ = {isa = PBXBuildFile; fileRef = DCAEC67B25F9263B00C819A4 /* BookPhoto+CoreDataClass.swift */; };
		DCAEC69325F9263B00C819A4 /* ExteriorQuality+CoreDataClass.swift in Sources */ = {isa = PBXBuildFile; fileRef = DCAEC67D25F9263B00C819A4 /* ExteriorQuality+CoreDataClass.swift */; };
		DCB66B2D25BA1AF700144463 /* BookDetailList.swift in Sources */ = {isa = PBXBuildFile; fileRef = DCB66B2C25BA1AF700144463 /* BookDetailList.swift */; };
		DCB66B3025BA1B2300144463 /* BookList.swift in Sources */ = {isa = PBXBuildFile; fileRef = DCB66B2F25BA1B2300144463 /* BookList.swift */; };
		DCF4E3A625BE0FBB000B6E2A /* ImageLoader.swift in Sources */ = {isa = PBXBuildFile; fileRef = DCF4E3A525BE0FBB000B6E2A /* ImageLoader.swift */; };
		DCFECCD825F75F7B00772006 /* BookExchange.xcdatamodeld in Sources */ = {isa = PBXBuildFile; fileRef = DCFECCD625F75F7B00772006 /* BookExchange.xcdatamodeld */; };
		DCFECCDB25F75F8E00772006 /* Persistence.swift in Sources */ = {isa = PBXBuildFile; fileRef = DCFECCDA25F75F8E00772006 /* Persistence.swift */; };
/* End PBXBuildFile section */

/* Begin PBXFileReference section */
		DC103FA625BE23FE00C3B54C /* TableViewWrapper.swift */ = {isa = PBXFileReference; lastKnownFileType = sourcecode.swift; path = TableViewWrapper.swift; sourceTree = "<group>"; };
		DC11712125CC51D600111832 /* BookPage.swift */ = {isa = PBXFileReference; lastKnownFileType = sourcecode.swift; path = BookPage.swift; sourceTree = "<group>"; };
		DC11712425CC598D00111832 /* BookPageTopPart.swift */ = {isa = PBXFileReference; lastKnownFileType = sourcecode.swift; path = BookPageTopPart.swift; sourceTree = "<group>"; };
		DC215B2C25C20CC500062D4F /* BookDetailListItem.swift */ = {isa = PBXFileReference; lastKnownFileType = sourcecode.swift; path = BookDetailListItem.swift; sourceTree = "<group>"; };
		DC215B2F25C2109B00062D4F /* RatingView.swift */ = {isa = PBXFileReference; lastKnownFileType = sourcecode.swift; path = RatingView.swift; sourceTree = "<group>"; };
		DC215B3325C2243200062D4F /* MainScreen3.PNG */ = {isa = PBXFileReference; lastKnownFileType = image.png; path = MainScreen3.PNG; sourceTree = "<group>"; };
		DC3AEA2625B1BF5900554496 /* BookListItem.swift */ = {isa = PBXFileReference; lastKnownFileType = sourcecode.swift; path = BookListItem.swift; sourceTree = "<group>"; };
		DC3BA5C025FA4AC300F0AFA1 /* ProfileView.swift */ = {isa = PBXFileReference; lastKnownFileType = sourcecode.swift; path = ProfileView.swift; sourceTree = "<group>"; };
		DC3FFBA825BA35C20029A158 /* AppContext.swift */ = {isa = PBXFileReference; lastKnownFileType = sourcecode.swift; path = AppContext.swift; sourceTree = "<group>"; };
		DC49EAED25BA25FF0095F294 /* _BookBase_deprecated.swift */ = {isa = PBXFileReference; lastKnownFileType = sourcecode.swift; path = _BookBase_deprecated.swift; sourceTree = "<group>"; };
		DC4A10AF25C206C7005BD81F /* BookCoverPlaceholder.swift */ = {isa = PBXFileReference; lastKnownFileType = sourcecode.swift; path = BookCoverPlaceholder.swift; sourceTree = "<group>"; };
		DC5AE10A25B84D3300865FD8 /* BookListSection.swift */ = {isa = PBXFileReference; lastKnownFileType = sourcecode.swift; path = BookListSection.swift; sourceTree = "<group>"; };
		DC5EC59C25CD50F70018EC64 /* BackgroundForNavBar.swift */ = {isa = PBXFileReference; lastKnownFileType = sourcecode.swift; path = BackgroundForNavBar.swift; sourceTree = "<group>"; };
		DC5F7A6625CDB5A200B45F63 /* BookPageViewRouter.swift */ = {isa = PBXFileReference; lastKnownFileType = sourcecode.swift; path = BookPageViewRouter.swift; sourceTree = "<group>"; };
		DC5FB9CF25C0817B001E4B75 /* NavBar.swift */ = {isa = PBXFileReference; lastKnownFileType = sourcecode.swift; path = NavBar.swift; sourceTree = "<group>"; };
		DC66D7A325BD9689005DB679 /* BookListViewRouter.swift */ = {isa = PBXFileReference; lastKnownFileType = sourcecode.swift; path = BookListViewRouter.swift; sourceTree = "<group>"; };
		DC66D7A725BDACCD005DB679 /* NavigationViewWrapper.swift */ = {isa = PBXFileReference; lastKnownFileType = sourcecode.swift; path = NavigationViewWrapper.swift; sourceTree = "<group>"; };
		DC66D7AB25BDB8DA005DB679 /* Ad.swift */ = {isa = PBXFileReference; lastKnownFileType = sourcecode.swift; path = Ad.swift; sourceTree = "<group>"; };
		DC66D7B425BDE6C3005DB679 /* BookListLoadableSection.swift */ = {isa = PBXFileReference; lastKnownFileType = sourcecode.swift; path = BookListLoadableSection.swift; sourceTree = "<group>"; };
		DC66D7B925BDE748005DB679 /* BookListSectionHeader.swift */ = {isa = PBXFileReference; lastKnownFileType = sourcecode.swift; path = BookListSectionHeader.swift; sourceTree = "<group>"; };
		DC66D7BE25BDE7D8005DB679 /* BookListSectionContent.swift */ = {isa = PBXFileReference; lastKnownFileType = sourcecode.swift; path = BookListSectionContent.swift; sourceTree = "<group>"; };
		DC66D7C325BDEE44005DB679 /* ConditionalHiding.swift */ = {isa = PBXFileReference; lastKnownFileType = sourcecode.swift; path = ConditionalHiding.swift; sourceTree = "<group>"; };
		DC66D7C625BDF56B005DB679 /* TabBarWrapper.swift */ = {isa = PBXFileReference; lastKnownFileType = sourcecode.swift; path = TabBarWrapper.swift; sourceTree = "<group>"; };
		DC67491525BF57AC0082BFB7 /* BookListSelector.swift */ = {isa = PBXFileReference; lastKnownFileType = sourcecode.swift; path = BookListSelector.swift; sourceTree = "<group>"; };
		DC67491A25BF580B0082BFB7 /* BookListContent.swift */ = {isa = PBXFileReference; lastKnownFileType = sourcecode.swift; path = BookListContent.swift; sourceTree = "<group>"; };
		DC67491E25BF583F0082BFB7 /* LoadBooksButton.swift */ = {isa = PBXFileReference; lastKnownFileType = sourcecode.swift; path = LoadBooksButton.swift; sourceTree = "<group>"; };
		DC67492125BF587A0082BFB7 /* SearchBar.swift */ = {isa = PBXFileReference; lastKnownFileType = sourcecode.swift; path = SearchBar.swift; sourceTree = "<group>"; };
		DC67492425BF5AAA0082BFB7 /* Constants.swift */ = {isa = PBXFileReference; lastKnownFileType = sourcecode.swift; path = Constants.swift; sourceTree = "<group>"; };
		DC7CECFB25C00C1800623B9A /* BooksLoading.swift */ = {isa = PBXFileReference; lastKnownFileType = sourcecode.swift; path = BooksLoading.swift; sourceTree = "<group>"; };
		DC7CECFE25C00C5200623B9A /* BooksProvider.swift */ = {isa = PBXFileReference; lastKnownFileType = sourcecode.swift; path = BooksProvider.swift; sourceTree = "<group>"; };
		DC7CED0125C00CE700623B9A /* BooksLoader.swift */ = {isa = PBXFileReference; lastKnownFileType = sourcecode.swift; path = BooksLoader.swift; sourceTree = "<group>"; };
		DC7CED0425C00F6700623B9A /* MockBooksLoader.swift */ = {isa = PBXFileReference; lastKnownFileType = sourcecode.swift; path = MockBooksLoader.swift; sourceTree = "<group>"; };
		DC83FF472596B46E00CC66BB /* BookExchange.app */ = {isa = PBXFileReference; explicitFileType = wrapper.application; includeInIndex = 0; path = BookExchange.app; sourceTree = BUILT_PRODUCTS_DIR; };
		DC83FF4A2596B46E00CC66BB /* BookExchangeApp.swift */ = {isa = PBXFileReference; lastKnownFileType = sourcecode.swift; path = BookExchangeApp.swift; sourceTree = "<group>"; };
		DC83FF4C2596B46E00CC66BB /* ContentView.swift */ = {isa = PBXFileReference; lastKnownFileType = sourcecode.swift; path = ContentView.swift; sourceTree = "<group>"; };
		DC83FF4E2596B46F00CC66BB /* Assets.xcassets */ = {isa = PBXFileReference; lastKnownFileType = folder.assetcatalog; path = Assets.xcassets; sourceTree = "<group>"; };
		DC83FF512596B46F00CC66BB /* Preview Assets.xcassets */ = {isa = PBXFileReference; lastKnownFileType = folder.assetcatalog; path = "Preview Assets.xcassets"; sourceTree = "<group>"; };
		DC83FF532596B46F00CC66BB /* Info.plist */ = {isa = PBXFileReference; lastKnownFileType = text.plist.xml; path = Info.plist; sourceTree = "<group>"; };
		DC83FF5A2596B4FF00CC66BB /* README.md */ = {isa = PBXFileReference; lastKnownFileType = net.daringfireball.markdown; path = README.md; sourceTree = "<group>"; };
		DCAEC66925F9263B00C819A4 /* Town+CoreDataClass.swift */ = {isa = PBXFileReference; lastKnownFileType = sourcecode.swift; path = "Town+CoreDataClass.swift"; sourceTree = "<group>"; };
		DCAEC66B25F9263B00C819A4 /* Complaint+CoreDataClass.swift */ = {isa = PBXFileReference; lastKnownFileType = sourcecode.swift; path = "Complaint+CoreDataClass.swift"; sourceTree = "<group>"; };
		DCAEC66D25F9263B00C819A4 /* User+CoreDataClass.swift */ = {isa = PBXFileReference; lastKnownFileType = sourcecode.swift; path = "User+CoreDataClass.swift"; sourceTree = "<group>"; };
		DCAEC66F25F9263B00C819A4 /* BookBase+CoreDataClass.swift */ = {isa = PBXFileReference; lastKnownFileType = sourcecode.swift; path = "BookBase+CoreDataClass.swift"; sourceTree = "<group>"; };
		DCAEC67125F9263B00C819A4 /* Book+CoreDataClass.swift */ = {isa = PBXFileReference; lastKnownFileType = sourcecode.swift; path = "Book+CoreDataClass.swift"; sourceTree = "<group>"; };
		DCAEC67325F9263B00C819A4 /* Avatar+CoreDataClass.swift */ = {isa = PBXFileReference; lastKnownFileType = sourcecode.swift; path = "Avatar+CoreDataClass.swift"; sourceTree = "<group>"; };
		DCAEC67525F9263B00C819A4 /* BookBaseRequest+CoreDataClass.swift */ = {isa = PBXFileReference; lastKnownFileType = sourcecode.swift; path = "BookBaseRequest+CoreDataClass.swift"; sourceTree = "<group>"; };
		DCAEC67725F9263B00C819A4 /* BookBasePhoto+CoreDataClass.swift */ = {isa = PBXFileReference; lastKnownFileType = sourcecode.swift; path = "BookBasePhoto+CoreDataClass.swift"; sourceTree = "<group>"; };
		DCAEC67925F9263B00C819A4 /* Genre+CoreDataClass.swift */ = {isa = PBXFileReference; lastKnownFileType = sourcecode.swift; path = "Genre+CoreDataClass.swift"; sourceTree = "<group>"; };
		DCAEC67B25F9263B00C819A4 /* BookPhoto+CoreDataClass.swift */ = {isa = PBXFileReference; lastKnownFileType = sourcecode.swift; path = "BookPhoto+CoreDataClass.swift"; sourceTree = "<group>"; };
		DCAEC67D25F9263B00C819A4 /* ExteriorQuality+CoreDataClass.swift */ = {isa = PBXFileReference; lastKnownFileType = sourcecode.swift; path = "ExteriorQuality+CoreDataClass.swift"; sourceTree = "<group>"; };
		DCB66B2C25BA1AF700144463 /* BookDetailList.swift */ = {isa = PBXFileReference; lastKnownFileType = sourcecode.swift; path = BookDetailList.swift; sourceTree = "<group>"; };
		DCB66B2F25BA1B2300144463 /* BookList.swift */ = {isa = PBXFileReference; lastKnownFileType = sourcecode.swift; path = BookList.swift; sourceTree = "<group>"; };
		DCF4E3A525BE0FBB000B6E2A /* ImageLoader.swift */ = {isa = PBXFileReference; lastKnownFileType = sourcecode.swift; path = ImageLoader.swift; sourceTree = "<group>"; };
		DCF4E3AB25BE129F000B6E2A /* MainScreen2.PNG */ = {isa = PBXFileReference; lastKnownFileType = image.png; path = MainScreen2.PNG; sourceTree = "<group>"; };
		DCF4E3AC25BE129F000B6E2A /* MainScreen1.PNG */ = {isa = PBXFileReference; lastKnownFileType = image.png; path = MainScreen1.PNG; sourceTree = "<group>"; };
		DCFECCD725F75F7B00772006 /* BookExchange.xcdatamodel */ = {isa = PBXFileReference; lastKnownFileType = wrapper.xcdatamodel; path = BookExchange.xcdatamodel; sourceTree = "<group>"; };
		DCFECCDA25F75F8E00772006 /* Persistence.swift */ = {isa = PBXFileReference; lastKnownFileType = sourcecode.swift; path = Persistence.swift; sourceTree = "<group>"; };
/* End PBXFileReference section */

/* Begin PBXFrameworksBuildPhase section */
		DC83FF442596B46E00CC66BB /* Frameworks */ = {
			isa = PBXFrameworksBuildPhase;
			buildActionMask = 2147483647;
			files = (
			);
			runOnlyForDeploymentPostprocessing = 0;
		};
/* End PBXFrameworksBuildPhase section */

/* Begin PBXGroup section */
		DC0BCA5025AFA169000B7896 /* Views */ = {
			isa = PBXGroup;
			children = (
				DC66D7A625BDAC94005DB679 /* UtilityViews */,
				DCB66B3225BA1C6E00144463 /* BookListViews */,
				DC3BA5BD25FA4A6F00F0AFA1 /* ProfileViews */,
			);
			path = Views;
			sourceTree = "<group>";
		};
		DC0BCA5525AFA278000B7896 /* Utility */ = {
			isa = PBXGroup;
			children = (
				DC3FFBA825BA35C20029A158 /* AppContext.swift */,
				DC67492425BF5AAA0082BFB7 /* Constants.swift */,
				DCF4E3A525BE0FBB000B6E2A /* ImageLoader.swift */,
				DC7CECFB25C00C1800623B9A /* BooksLoading.swift */,
				DC7CECFE25C00C5200623B9A /* BooksProvider.swift */,
				DC7CED0125C00CE700623B9A /* BooksLoader.swift */,
				DC7CED0425C00F6700623B9A /* MockBooksLoader.swift */,
				DCFECCDA25F75F8E00772006 /* Persistence.swift */,
			);
			path = Utility;
			sourceTree = "<group>";
		};
		DC3BA5BD25FA4A6F00F0AFA1 /* ProfileViews */ = {
			isa = PBXGroup;
			children = (
				DC3BA5C025FA4AC300F0AFA1 /* ProfileView.swift */,
			);
			path = ProfileViews;
			sourceTree = "<group>";
		};
		DC3BA5BE25FA4A9D00F0AFA1 /* ViewModels */ = {
			isa = PBXGroup;
			children = (
				DC3BA5BF25FA4AAE00F0AFA1 /* Profile */,
			);
			path = ViewModels;
			sourceTree = "<group>";
		};
		DC3BA5BF25FA4AAE00F0AFA1 /* Profile */ = {
			isa = PBXGroup;
			children = (
			);
			path = Profile;
			sourceTree = "<group>";
		};
		DC49EAEC25BA25E90095F294 /* Abstractions */ = {
			isa = PBXGroup;
			children = (
				DC49EAED25BA25FF0095F294 /* _BookBase_deprecated.swift */,
				DCAEC67325F9263B00C819A4 /* Avatar+CoreDataClass.swift */,
				DCAEC67125F9263B00C819A4 /* Book+CoreDataClass.swift */,
				DCAEC66F25F9263B00C819A4 /* BookBase+CoreDataClass.swift */,
				DCAEC67725F9263B00C819A4 /* BookBasePhoto+CoreDataClass.swift */,
				DCAEC67525F9263B00C819A4 /* BookBaseRequest+CoreDataClass.swift */,
				DCAEC67B25F9263B00C819A4 /* BookPhoto+CoreDataClass.swift */,
				DCAEC66B25F9263B00C819A4 /* Complaint+CoreDataClass.swift */,
				DCAEC67D25F9263B00C819A4 /* ExteriorQuality+CoreDataClass.swift */,
				DCAEC67925F9263B00C819A4 /* Genre+CoreDataClass.swift */,
				DCAEC66925F9263B00C819A4 /* Town+CoreDataClass.swift */,
				DCAEC66D25F9263B00C819A4 /* User+CoreDataClass.swift */,
			);
			path = Abstractions;
			sourceTree = "<group>";
		};
		DC5AE10F25B84E0E00865FD8 /* Assets */ = {
			isa = PBXGroup;
			children = (
				DC5AE11025B84E1F00865FD8 /* Images */,
			);
			path = Assets;
			sourceTree = "<group>";
		};
		DC5AE11025B84E1F00865FD8 /* Images */ = {
			isa = PBXGroup;
			children = (
				DC215B3325C2243200062D4F /* MainScreen3.PNG */,
				DCF4E3AC25BE129F000B6E2A /* MainScreen1.PNG */,
				DCF4E3AB25BE129F000B6E2A /* MainScreen2.PNG */,
			);
			path = Images;
			sourceTree = "<group>";
		};
		DC5FB9CE25C08168001E4B75 /* BookDetailListParts */ = {
			isa = PBXGroup;
			children = (
				DC215B2F25C2109B00062D4F /* RatingView.swift */,
				DC215B2C25C20CC500062D4F /* BookDetailListItem.swift */,
			);
			path = BookDetailListParts;
			sourceTree = "<group>";
		};
		DC66D7A625BDAC94005DB679 /* UtilityViews */ = {
			isa = PBXGroup;
			children = (
				DC66D7A325BD9689005DB679 /* BookListViewRouter.swift */,
				DC5F7A6625CDB5A200B45F63 /* BookPageViewRouter.swift */,
				DC66D7A725BDACCD005DB679 /* NavigationViewWrapper.swift */,
				DC66D7C625BDF56B005DB679 /* TabBarWrapper.swift */,
				DC103FA625BE23FE00C3B54C /* TableViewWrapper.swift */,
				DC66D7C325BDEE44005DB679 /* ConditionalHiding.swift */,
				DC4A10AF25C206C7005BD81F /* BookCoverPlaceholder.swift */,
				DC5FB9CF25C0817B001E4B75 /* NavBar.swift */,
				DC5EC59C25CD50F70018EC64 /* BackgroundForNavBar.swift */,
			);
			path = UtilityViews;
			sourceTree = "<group>";
		};
		DC66D7B725BDE6DD005DB679 /* BookListSection */ = {
			isa = PBXGroup;
			children = (
				DCAAAD7425BEC9150039742F /* BookListSectionParts */,
				DC5AE10A25B84D3300865FD8 /* BookListSection.swift */,
				DC66D7B425BDE6C3005DB679 /* BookListLoadableSection.swift */,
			);
			path = BookListSection;
			sourceTree = "<group>";
		};
		DC67491925BF57EB0082BFB7 /* BookListParts */ = {
			isa = PBXGroup;
			children = (
				DC66D7AB25BDB8DA005DB679 /* Ad.swift */,
				DC67491525BF57AC0082BFB7 /* BookListSelector.swift */,
				DC67491A25BF580B0082BFB7 /* BookListContent.swift */,
				DC66D7B725BDE6DD005DB679 /* BookListSection */,
				DC67491E25BF583F0082BFB7 /* LoadBooksButton.swift */,
				DC67492125BF587A0082BFB7 /* SearchBar.swift */,
			);
			path = BookListParts;
			sourceTree = "<group>";
		};
		DC83FF3E2596B46E00CC66BB = {
			isa = PBXGroup;
			children = (
				DC5AE10F25B84E0E00865FD8 /* Assets */,
				DC83FF5A2596B4FF00CC66BB /* README.md */,
				DC83FF492596B46E00CC66BB /* BookExchange */,
				DC83FF482596B46E00CC66BB /* Products */,
			);
			sourceTree = "<group>";
		};
		DC83FF482596B46E00CC66BB /* Products */ = {
			isa = PBXGroup;
			children = (
				DC83FF472596B46E00CC66BB /* BookExchange.app */,
			);
			name = Products;
			sourceTree = "<group>";
		};
		DC83FF492596B46E00CC66BB /* BookExchange */ = {
			isa = PBXGroup;
			children = (
				DC49EAEC25BA25E90095F294 /* Abstractions */,
				DC0BCA5525AFA278000B7896 /* Utility */,
				DC3BA5BE25FA4A9D00F0AFA1 /* ViewModels */,
				DC0BCA5025AFA169000B7896 /* Views */,
				DC83FF4C2596B46E00CC66BB /* ContentView.swift */,
				DC83FF4A2596B46E00CC66BB /* BookExchangeApp.swift */,
				DCFECCD625F75F7B00772006 /* BookExchange.xcdatamodeld */,
				DC83FF4E2596B46F00CC66BB /* Assets.xcassets */,
				DC83FF532596B46F00CC66BB /* Info.plist */,
				DC83FF502596B46F00CC66BB /* Preview Content */,
			);
			path = BookExchange;
			sourceTree = "<group>";
		};
		DC83FF502596B46F00CC66BB /* Preview Content */ = {
			isa = PBXGroup;
			children = (
				DC83FF512596B46F00CC66BB /* Preview Assets.xcassets */,
			);
			path = "Preview Content";
			sourceTree = "<group>";
		};
		DCAAAD7425BEC9150039742F /* BookListSectionParts */ = {
			isa = PBXGroup;
			children = (
				DC66D7B925BDE748005DB679 /* BookListSectionHeader.swift */,
				DC66D7BE25BDE7D8005DB679 /* BookListSectionContent.swift */,
				DC3AEA2625B1BF5900554496 /* BookListItem.swift */,
			);
			path = BookListSectionParts;
			sourceTree = "<group>";
		};
		DCB66B3225BA1C6E00144463 /* BookListViews */ = {
			isa = PBXGroup;
			children = (
				DCB66B2F25BA1B2300144463 /* BookList.swift */,
				DC67491925BF57EB0082BFB7 /* BookListParts */,
				DCB66B2C25BA1AF700144463 /* BookDetailList.swift */,
				DC5FB9CE25C08168001E4B75 /* BookDetailListParts */,
				DC11712125CC51D600111832 /* BookPage.swift */,
				DC11712425CC598D00111832 /* BookPageTopPart.swift */,
			);
			path = BookListViews;
			sourceTree = "<group>";
		};
/* End PBXGroup section */

/* Begin PBXNativeTarget section */
		DC83FF462596B46E00CC66BB /* BookExchange */ = {
			isa = PBXNativeTarget;
			buildConfigurationList = DC83FF562596B46F00CC66BB /* Build configuration list for PBXNativeTarget "BookExchange" */;
			buildPhases = (
				DC83FF432596B46E00CC66BB /* Sources */,
				DC83FF442596B46E00CC66BB /* Frameworks */,
				DC83FF452596B46E00CC66BB /* Resources */,
			);
			buildRules = (
			);
			dependencies = (
			);
			name = BookExchange;
			productName = BookExchange;
			productReference = DC83FF472596B46E00CC66BB /* BookExchange.app */;
			productType = "com.apple.product-type.application";
		};
/* End PBXNativeTarget section */

/* Begin PBXProject section */
		DC83FF3F2596B46E00CC66BB /* Project object */ = {
			isa = PBXProject;
			attributes = {
				LastSwiftUpdateCheck = 1230;
				LastUpgradeCheck = 1230;
				TargetAttributes = {
					DC83FF462596B46E00CC66BB = {
						CreatedOnToolsVersion = 12.3;
					};
				};
			};
			buildConfigurationList = DC83FF422596B46E00CC66BB /* Build configuration list for PBXProject "BookExchange" */;
			compatibilityVersion = "Xcode 9.3";
			developmentRegion = en;
			hasScannedForEncodings = 0;
			knownRegions = (
				en,
				Base,
			);
			mainGroup = DC83FF3E2596B46E00CC66BB;
			productRefGroup = DC83FF482596B46E00CC66BB /* Products */;
			projectDirPath = "";
			projectRoot = "";
			targets = (
				DC83FF462596B46E00CC66BB /* BookExchange */,
			);
		};
/* End PBXProject section */

/* Begin PBXResourcesBuildPhase section */
		DC83FF452596B46E00CC66BB /* Resources */ = {
			isa = PBXResourcesBuildPhase;
			buildActionMask = 2147483647;
			files = (
				DC83FF522596B46F00CC66BB /* Preview Assets.xcassets in Resources */,
				DC83FF4F2596B46F00CC66BB /* Assets.xcassets in Resources */,
			);
			runOnlyForDeploymentPostprocessing = 0;
		};
/* End PBXResourcesBuildPhase section */

/* Begin PBXSourcesBuildPhase section */
		DC83FF432596B46E00CC66BB /* Sources */ = {
			isa = PBXSourcesBuildPhase;
			buildActionMask = 2147483647;
			files = (
				DC4A10B025C206C7005BD81F /* BookCoverPlaceholder.swift in Sources */,
				DCAEC68B25F9263B00C819A4 /* BookBaseRequest+CoreDataClass.swift in Sources */,
				DC5AE10B25B84D3300865FD8 /* BookListSection.swift in Sources */,
				DC7CED0225C00CE700623B9A /* BooksLoader.swift in Sources */,
				DC49EAEE25BA25FF0095F294 /* _BookBase_deprecated.swift in Sources */,
				DC66D7AC25BDB8DA005DB679 /* Ad.swift in Sources */,
				DCB66B2D25BA1AF700144463 /* BookDetailList.swift in Sources */,
				DCAEC69325F9263B00C819A4 /* ExteriorQuality+CoreDataClass.swift in Sources */,
				DC215B2D25C20CC500062D4F /* BookDetailListItem.swift in Sources */,
				DCAEC68925F9263B00C819A4 /* Avatar+CoreDataClass.swift in Sources */,
				DCFECCD825F75F7B00772006 /* BookExchange.xcdatamodeld in Sources */,
				DC3FFBA925BA35C20029A158 /* AppContext.swift in Sources */,
				DCAEC67F25F9263B00C819A4 /* Town+CoreDataClass.swift in Sources */,
				DC67491625BF57AC0082BFB7 /* BookListSelector.swift in Sources */,
				DC67492525BF5AAB0082BFB7 /* Constants.swift in Sources */,
				DC215B3025C2109B00062D4F /* RatingView.swift in Sources */,
				DCAEC68725F9263B00C819A4 /* Book+CoreDataClass.swift in Sources */,
				DCB66B3025BA1B2300144463 /* BookList.swift in Sources */,
				DC66D7B525BDE6C3005DB679 /* BookListLoadableSection.swift in Sources */,
				DC5F7A6725CDB5A200B45F63 /* BookPageViewRouter.swift in Sources */,
				DCAEC68525F9263B00C819A4 /* BookBase+CoreDataClass.swift in Sources */,
				DC7CECFC25C00C1800623B9A /* BooksLoading.swift in Sources */,
				DC67491F25BF583F0082BFB7 /* LoadBooksButton.swift in Sources */,
				DC67492225BF587A0082BFB7 /* SearchBar.swift in Sources */,
				DCAEC68325F9263B00C819A4 /* User+CoreDataClass.swift in Sources */,
				DC66D7A425BD9689005DB679 /* BookListViewRouter.swift in Sources */,
				DC3BA5C125FA4AC300F0AFA1 /* ProfileView.swift in Sources */,
				DC11712225CC51D600111832 /* BookPage.swift in Sources */,
				DC83FF4D2596B46E00CC66BB /* ContentView.swift in Sources */,
				DC66D7BA25BDE748005DB679 /* BookListSectionHeader.swift in Sources */,
				DC7CED0525C00F6700623B9A /* MockBooksLoader.swift in Sources */,
				DC83FF4B2596B46E00CC66BB /* BookExchangeApp.swift in Sources */,
				DCAEC68F25F9263B00C819A4 /* Genre+CoreDataClass.swift in Sources */,
				DC7CECFF25C00C5200623B9A /* BooksProvider.swift in Sources */,
				DCAEC68125F9263B00C819A4 /* Complaint+CoreDataClass.swift in Sources */,
				DC103FA725BE23FE00C3B54C /* TableViewWrapper.swift in Sources */,
				DCF4E3A625BE0FBB000B6E2A /* ImageLoader.swift in Sources */,
				DCAEC68D25F9263B00C819A4 /* BookBasePhoto+CoreDataClass.swift in Sources */,
				DC66D7A825BDACCD005DB679 /* NavigationViewWrapper.swift in Sources */,
				DC11712525CC598D00111832 /* BookPageTopPart.swift in Sources */,
				DC5EC59D25CD50F70018EC64 /* BackgroundForNavBar.swift in Sources */,
				DC66D7C725BDF56B005DB679 /* TabBarWrapper.swift in Sources */,
				DCAEC69125F9263B00C819A4 /* BookPhoto+CoreDataClass.swift in Sources */,
				DC66D7C425BDEE44005DB679 /* ConditionalHiding.swift in Sources */,
				DCFECCDB25F75F8E00772006 /* Persistence.swift in Sources */,
				DC3AEA2725B1BF5900554496 /* BookListItem.swift in Sources */,
				DC5FB9D025C0817B001E4B75 /* NavBar.swift in Sources */,
				DC67491B25BF580B0082BFB7 /* BookListContent.swift in Sources */,
				DC66D7BF25BDE7D8005DB679 /* BookListSectionContent.swift in Sources */,
			);
			runOnlyForDeploymentPostprocessing = 0;
		};
/* End PBXSourcesBuildPhase section */

/* Begin XCBuildConfiguration section */
		DC83FF542596B46F00CC66BB /* Debug */ = {
			isa = XCBuildConfiguration;
			buildSettings = {
				ALWAYS_SEARCH_USER_PATHS = NO;
				CLANG_ANALYZER_NONNULL = YES;
				CLANG_ANALYZER_NUMBER_OBJECT_CONVERSION = YES_AGGRESSIVE;
				CLANG_CXX_LANGUAGE_STANDARD = "gnu++14";
				CLANG_CXX_LIBRARY = "libc++";
				CLANG_ENABLE_MODULES = YES;
				CLANG_ENABLE_OBJC_ARC = YES;
				CLANG_ENABLE_OBJC_WEAK = YES;
				CLANG_WARN_BLOCK_CAPTURE_AUTORELEASING = YES;
				CLANG_WARN_BOOL_CONVERSION = YES;
				CLANG_WARN_COMMA = YES;
				CLANG_WARN_CONSTANT_CONVERSION = YES;
				CLANG_WARN_DEPRECATED_OBJC_IMPLEMENTATIONS = YES;
				CLANG_WARN_DIRECT_OBJC_ISA_USAGE = YES_ERROR;
				CLANG_WARN_DOCUMENTATION_COMMENTS = YES;
				CLANG_WARN_EMPTY_BODY = YES;
				CLANG_WARN_ENUM_CONVERSION = YES;
				CLANG_WARN_INFINITE_RECURSION = YES;
				CLANG_WARN_INT_CONVERSION = YES;
				CLANG_WARN_NON_LITERAL_NULL_CONVERSION = YES;
				CLANG_WARN_OBJC_IMPLICIT_RETAIN_SELF = YES;
				CLANG_WARN_OBJC_LITERAL_CONVERSION = YES;
				CLANG_WARN_OBJC_ROOT_CLASS = YES_ERROR;
				CLANG_WARN_QUOTED_INCLUDE_IN_FRAMEWORK_HEADER = YES;
				CLANG_WARN_RANGE_LOOP_ANALYSIS = YES;
				CLANG_WARN_STRICT_PROTOTYPES = YES;
				CLANG_WARN_SUSPICIOUS_MOVE = YES;
				CLANG_WARN_UNGUARDED_AVAILABILITY = YES_AGGRESSIVE;
				CLANG_WARN_UNREACHABLE_CODE = YES;
				CLANG_WARN__DUPLICATE_METHOD_MATCH = YES;
				COPY_PHASE_STRIP = NO;
				DEBUG_INFORMATION_FORMAT = dwarf;
				ENABLE_STRICT_OBJC_MSGSEND = YES;
				ENABLE_TESTABILITY = YES;
				GCC_C_LANGUAGE_STANDARD = gnu11;
				GCC_DYNAMIC_NO_PIC = NO;
				GCC_NO_COMMON_BLOCKS = YES;
				GCC_OPTIMIZATION_LEVEL = 0;
				GCC_PREPROCESSOR_DEFINITIONS = (
					"DEBUG=1",
					"$(inherited)",
				);
				GCC_WARN_64_TO_32_BIT_CONVERSION = YES;
				GCC_WARN_ABOUT_RETURN_TYPE = YES_ERROR;
				GCC_WARN_UNDECLARED_SELECTOR = YES;
				GCC_WARN_UNINITIALIZED_AUTOS = YES_AGGRESSIVE;
				GCC_WARN_UNUSED_FUNCTION = YES;
				GCC_WARN_UNUSED_VARIABLE = YES;
				IPHONEOS_DEPLOYMENT_TARGET = 14.3;
				MTL_ENABLE_DEBUG_INFO = INCLUDE_SOURCE;
				MTL_FAST_MATH = YES;
				ONLY_ACTIVE_ARCH = YES;
				SDKROOT = iphoneos;
				SWIFT_ACTIVE_COMPILATION_CONDITIONS = DEBUG;
				SWIFT_OPTIMIZATION_LEVEL = "-Onone";
			};
			name = Debug;
		};
		DC83FF552596B46F00CC66BB /* Release */ = {
			isa = XCBuildConfiguration;
			buildSettings = {
				ALWAYS_SEARCH_USER_PATHS = NO;
				CLANG_ANALYZER_NONNULL = YES;
				CLANG_ANALYZER_NUMBER_OBJECT_CONVERSION = YES_AGGRESSIVE;
				CLANG_CXX_LANGUAGE_STANDARD = "gnu++14";
				CLANG_CXX_LIBRARY = "libc++";
				CLANG_ENABLE_MODULES = YES;
				CLANG_ENABLE_OBJC_ARC = YES;
				CLANG_ENABLE_OBJC_WEAK = YES;
				CLANG_WARN_BLOCK_CAPTURE_AUTORELEASING = YES;
				CLANG_WARN_BOOL_CONVERSION = YES;
				CLANG_WARN_COMMA = YES;
				CLANG_WARN_CONSTANT_CONVERSION = YES;
				CLANG_WARN_DEPRECATED_OBJC_IMPLEMENTATIONS = YES;
				CLANG_WARN_DIRECT_OBJC_ISA_USAGE = YES_ERROR;
				CLANG_WARN_DOCUMENTATION_COMMENTS = YES;
				CLANG_WARN_EMPTY_BODY = YES;
				CLANG_WARN_ENUM_CONVERSION = YES;
				CLANG_WARN_INFINITE_RECURSION = YES;
				CLANG_WARN_INT_CONVERSION = YES;
				CLANG_WARN_NON_LITERAL_NULL_CONVERSION = YES;
				CLANG_WARN_OBJC_IMPLICIT_RETAIN_SELF = YES;
				CLANG_WARN_OBJC_LITERAL_CONVERSION = YES;
				CLANG_WARN_OBJC_ROOT_CLASS = YES_ERROR;
				CLANG_WARN_QUOTED_INCLUDE_IN_FRAMEWORK_HEADER = YES;
				CLANG_WARN_RANGE_LOOP_ANALYSIS = YES;
				CLANG_WARN_STRICT_PROTOTYPES = YES;
				CLANG_WARN_SUSPICIOUS_MOVE = YES;
				CLANG_WARN_UNGUARDED_AVAILABILITY = YES_AGGRESSIVE;
				CLANG_WARN_UNREACHABLE_CODE = YES;
				CLANG_WARN__DUPLICATE_METHOD_MATCH = YES;
				COPY_PHASE_STRIP = NO;
				DEBUG_INFORMATION_FORMAT = "dwarf-with-dsym";
				ENABLE_NS_ASSERTIONS = NO;
				ENABLE_STRICT_OBJC_MSGSEND = YES;
				GCC_C_LANGUAGE_STANDARD = gnu11;
				GCC_NO_COMMON_BLOCKS = YES;
				GCC_WARN_64_TO_32_BIT_CONVERSION = YES;
				GCC_WARN_ABOUT_RETURN_TYPE = YES_ERROR;
				GCC_WARN_UNDECLARED_SELECTOR = YES;
				GCC_WARN_UNINITIALIZED_AUTOS = YES_AGGRESSIVE;
				GCC_WARN_UNUSED_FUNCTION = YES;
				GCC_WARN_UNUSED_VARIABLE = YES;
				IPHONEOS_DEPLOYMENT_TARGET = 14.3;
				MTL_ENABLE_DEBUG_INFO = NO;
				MTL_FAST_MATH = YES;
				SDKROOT = iphoneos;
				SWIFT_COMPILATION_MODE = wholemodule;
				SWIFT_OPTIMIZATION_LEVEL = "-O";
				VALIDATE_PRODUCT = YES;
			};
			name = Release;
		};
		DC83FF572596B46F00CC66BB /* Debug */ = {
			isa = XCBuildConfiguration;
			buildSettings = {
				ASSETCATALOG_COMPILER_APPICON_NAME = AppIcon;
				ASSETCATALOG_COMPILER_GLOBAL_ACCENT_COLOR_NAME = AccentColor;
				CODE_SIGN_STYLE = Automatic;
				DEVELOPMENT_ASSET_PATHS = "\"BookExchange/Preview Content\"";
				DEVELOPMENT_TEAM = 2ZY3SQBRC4;
				ENABLE_PREVIEWS = YES;
				INFOPLIST_FILE = BookExchange/Info.plist;
				IPHONEOS_DEPLOYMENT_TARGET = 14.4;
				LD_RUNPATH_SEARCH_PATHS = (
					"$(inherited)",
					"@executable_path/Frameworks",
				);
				PRODUCT_BUNDLE_IDENTIFIER = com.koptev.BookExchange;
				PRODUCT_NAME = "$(TARGET_NAME)";
				SWIFT_VERSION = 5.0;
				TARGETED_DEVICE_FAMILY = 1;
			};
			name = Debug;
		};
		DC83FF582596B46F00CC66BB /* Release */ = {
			isa = XCBuildConfiguration;
			buildSettings = {
				ASSETCATALOG_COMPILER_APPICON_NAME = AppIcon;
				ASSETCATALOG_COMPILER_GLOBAL_ACCENT_COLOR_NAME = AccentColor;
				CODE_SIGN_STYLE = Automatic;
				DEVELOPMENT_ASSET_PATHS = "\"BookExchange/Preview Content\"";
				DEVELOPMENT_TEAM = 2ZY3SQBRC4;
				ENABLE_PREVIEWS = YES;
				INFOPLIST_FILE = BookExchange/Info.plist;
				IPHONEOS_DEPLOYMENT_TARGET = 14.4;
				LD_RUNPATH_SEARCH_PATHS = (
					"$(inherited)",
					"@executable_path/Frameworks",
				);
				PRODUCT_BUNDLE_IDENTIFIER = com.koptev.BookExchange;
				PRODUCT_NAME = "$(TARGET_NAME)";
				SWIFT_VERSION = 5.0;
				TARGETED_DEVICE_FAMILY = 1;
			};
			name = Release;
		};
/* End XCBuildConfiguration section */

/* Begin XCConfigurationList section */
		DC83FF422596B46E00CC66BB /* Build configuration list for PBXProject "BookExchange" */ = {
			isa = XCConfigurationList;
			buildConfigurations = (
				DC83FF542596B46F00CC66BB /* Debug */,
				DC83FF552596B46F00CC66BB /* Release */,
			);
			defaultConfigurationIsVisible = 0;
			defaultConfigurationName = Release;
		};
		DC83FF562596B46F00CC66BB /* Build configuration list for PBXNativeTarget "BookExchange" */ = {
			isa = XCConfigurationList;
			buildConfigurations = (
				DC83FF572596B46F00CC66BB /* Debug */,
				DC83FF582596B46F00CC66BB /* Release */,
			);
			defaultConfigurationIsVisible = 0;
			defaultConfigurationName = Release;
		};
/* End XCConfigurationList section */

/* Begin XCVersionGroup section */
		DCFECCD625F75F7B00772006 /* BookExchange.xcdatamodeld */ = {
			isa = XCVersionGroup;
			children = (
				DCFECCD725F75F7B00772006 /* BookExchange.xcdatamodel */,
			);
			currentVersion = DCFECCD725F75F7B00772006 /* BookExchange.xcdatamodel */;
			path = BookExchange.xcdatamodeld;
			sourceTree = "<group>";
			versionGroupType = wrapper.xcdatamodel;
		};
/* End XCVersionGroup section */
	};
	rootObject = DC83FF3F2596B46E00CC66BB /* Project object */;
}
